
Microsoft Visual Studio Solution File, Format Version 12.00
# Visual Studio Version 16
VisualStudioVersion = 16.0.30114.105
MinimumVisualStudioVersion = 10.0.40219.1
Project("{FAE04EC0-301F-11D3-BF4B-00C04F79EFBC}") = "Secao8git", "Secao8git\Secao8git.csproj", "{B7AB045C-E266-465A-BB40-F338E37EAAC2}"
EndProject
Global
	GlobalSection(SolutionConfigurationPlatforms) = preSolution
		Debug|Any CPU = Debug|Any CPU
		Release|Any CPU = Release|Any CPU
	EndGlobalSection
	GlobalSection(ProjectConfigurationPlatforms) = postSolution
		{B7AB045C-E266-465A-BB40-F338E37EAAC2}.Debug|Any CPU.ActiveCfg = Debug|Any CPU
		{B7AB045C-E266-465A-BB40-F338E37EAAC2}.Debug|Any CPU.Build.0 = Debug|Any CPU
		{B7AB045C-E266-465A-BB40-F338E37EAAC2}.Release|Any CPU.ActiveCfg = Release|Any CPU
		{B7AB045C-E266-465A-BB40-F338E37EAAC2}.Release|Any CPU.Build.0 = Release|Any CPU
	EndGlobalSection
	GlobalSection(SolutionProperties) = preSolution
		HideSolutionNode = FALSE
	EndGlobalSection
	GlobalSection(ExtensibilityGlobals) = postSolution
		SolutionGuid = {90B7BCF2-61CF-4586-B04F-7E1DC3827734}
	EndGlobalSection
EndGlobal
